
Microsoft Visual Studio Solution File, Format Version 11.00
# Visual Studio 2010
Project("{FAE04EC0-301F-11D3-BF4B-00C04F79EFBC}") = "Hostee", "Hostee\Hostee.csproj", "{D7E220C6-FA83-4DB9-B4A8-C3731A2DE5BE}"
EndProject
Project("{FAE04EC0-301F-11D3-BF4B-00C04F79EFBC}") = "Hostee1", "Hostee1\Hostee1.csproj", "{3060D397-46AB-4084-BB62-5EA0E103B5D2}"
EndProject
Project("{FAE04EC0-301F-11D3-BF4B-00C04F79EFBC}") = "CombinationGenerator", "CombinationGenerator\CombinationGenerator.csproj", "{21EF32A1-A157-45BF-9B34-A4BE9B45163E}"
EndProject
Global
	GlobalSection(SolutionConfigurationPlatforms) = preSolution
		Debug|x86 = Debug|x86
		Release|x86 = Release|x86
	EndGlobalSection
	GlobalSection(ProjectConfigurationPlatforms) = postSolution
		{D7E220C6-FA83-4DB9-B4A8-C3731A2DE5BE}.Debug|x86.ActiveCfg = Debug|x86
		{D7E220C6-FA83-4DB9-B4A8-C3731A2DE5BE}.Debug|x86.Build.0 = Debug|x86
		{D7E220C6-FA83-4DB9-B4A8-C3731A2DE5BE}.Release|x86.ActiveCfg = Release|x86
		{D7E220C6-FA83-4DB9-B4A8-C3731A2DE5BE}.Release|x86.Build.0 = Release|x86
		{3060D397-46AB-4084-BB62-5EA0E103B5D2}.Debug|x86.ActiveCfg = Debug|x86
		{3060D397-46AB-4084-BB62-5EA0E103B5D2}.Debug|x86.Build.0 = Debug|x86
		{3060D397-46AB-4084-BB62-5EA0E103B5D2}.Release|x86.ActiveCfg = Release|x86
		{3060D397-46AB-4084-BB62-5EA0E103B5D2}.Release|x86.Build.0 = Release|x86
		{21EF32A1-A157-45BF-9B34-A4BE9B45163E}.Debug|x86.ActiveCfg = Debug|x86
		{21EF32A1-A157-45BF-9B34-A4BE9B45163E}.Debug|x86.Build.0 = Debug|x86
		{21EF32A1-A157-45BF-9B34-A4BE9B45163E}.Release|x86.ActiveCfg = Release|x86
		{21EF32A1-A157-45BF-9B34-A4BE9B45163E}.Release|x86.Build.0 = Release|x86
	EndGlobalSection
	GlobalSection(SolutionProperties) = preSolution
		HideSolutionNode = FALSE
	EndGlobalSection
EndGlobal
