
Microsoft Visual Studio Solution File, Format Version 11.00
# Visual Studio 2010
Project("{FAE04EC0-301F-11D3-BF4B-00C04F79EFBC}") = "HostMan", "HostMan\HostMan.csproj", "{DD79A9C8-087F-4987-86D9-2BDE025E25FC}"
EndProject
Project("{FAE04EC0-301F-11D3-BF4B-00C04F79EFBC}") = "DomainFile", "DomainFileIO\DomainFile.csproj", "{1216F746-3304-40E4-A011-C5F5F35EE013}"
EndProject
Project("{FAE04EC0-301F-11D3-BF4B-00C04F79EFBC}") = "MyException", "MyException\MyException.csproj", "{749FF222-08CA-40F9-B010-0949964D5C14}"
EndProject
Global
	GlobalSection(SolutionConfigurationPlatforms) = preSolution
		Debug|x86 = Debug|x86
		Release|x86 = Release|x86
	EndGlobalSection
	GlobalSection(ProjectConfigurationPlatforms) = postSolution
		{DD79A9C8-087F-4987-86D9-2BDE025E25FC}.Debug|x86.ActiveCfg = Debug|x86
		{DD79A9C8-087F-4987-86D9-2BDE025E25FC}.Debug|x86.Build.0 = Debug|x86
		{DD79A9C8-087F-4987-86D9-2BDE025E25FC}.Release|x86.ActiveCfg = Release|x86
		{DD79A9C8-087F-4987-86D9-2BDE025E25FC}.Release|x86.Build.0 = Release|x86
		{1216F746-3304-40E4-A011-C5F5F35EE013}.Debug|x86.ActiveCfg = Debug|x86
		{1216F746-3304-40E4-A011-C5F5F35EE013}.Debug|x86.Build.0 = Debug|x86
		{1216F746-3304-40E4-A011-C5F5F35EE013}.Release|x86.ActiveCfg = Release|x86
		{1216F746-3304-40E4-A011-C5F5F35EE013}.Release|x86.Build.0 = Release|x86
		{749FF222-08CA-40F9-B010-0949964D5C14}.Debug|x86.ActiveCfg = Debug|x86
		{749FF222-08CA-40F9-B010-0949964D5C14}.Debug|x86.Build.0 = Debug|x86
		{749FF222-08CA-40F9-B010-0949964D5C14}.Release|x86.ActiveCfg = Release|x86
		{749FF222-08CA-40F9-B010-0949964D5C14}.Release|x86.Build.0 = Release|x86
	EndGlobalSection
	GlobalSection(SolutionProperties) = preSolution
		HideSolutionNode = FALSE
	EndGlobalSection
EndGlobal
