
Microsoft Visual Studio Solution File, Format Version 11.00
# Visual Studio 2010
Project("{FAE04EC0-301F-11D3-BF4B-00C04F79EFBC}") = "Compare", "Compaire\Compare.csproj", "{D8D5F9F6-72B2-45A2-9B07-B2D64D58E9C1}"
EndProject
Project("{2150E333-8FDC-42A3-9474-1A3956D46DE8}") = "Solution Items", "Solution Items", "{A3935F3E-477B-42C3-9393-7C7F38CE78C8}"
	ProjectSection(SolutionItems) = preProject
		Compaire.vsmdi = Compaire.vsmdi
		Local.testsettings = Local.testsettings
		TraceAndTestImpact.testsettings = TraceAndTestImpact.testsettings
	EndProjectSection
EndProject
Global
	GlobalSection(TestCaseManagementSettings) = postSolution
		CategoryFile = Compaire.vsmdi
	EndGlobalSection
	GlobalSection(SolutionConfigurationPlatforms) = preSolution
		Debug|Any CPU = Debug|Any CPU
		Release|Any CPU = Release|Any CPU
	EndGlobalSection
	GlobalSection(ProjectConfigurationPlatforms) = postSolution
		{D8D5F9F6-72B2-45A2-9B07-B2D64D58E9C1}.Debug|Any CPU.ActiveCfg = Debug|Any CPU
		{D8D5F9F6-72B2-45A2-9B07-B2D64D58E9C1}.Debug|Any CPU.Build.0 = Debug|Any CPU
		{D8D5F9F6-72B2-45A2-9B07-B2D64D58E9C1}.Release|Any CPU.ActiveCfg = Release|Any CPU
		{D8D5F9F6-72B2-45A2-9B07-B2D64D58E9C1}.Release|Any CPU.Build.0 = Release|Any CPU
	EndGlobalSection
	GlobalSection(SolutionProperties) = preSolution
		HideSolutionNode = FALSE
	EndGlobalSection
EndGlobal
